
Microsoft Visual Studio Solution File, Format Version 12.00
# Visual Studio 14
VisualStudioVersion = 14.0.25420.1
MinimumVisualStudioVersion = 10.0.40219.1
Project("{FAE04EC0-301F-11D3-BF4B-00C04F79EFBC}") = "Interface", "Interface\Interface.csproj", "{4125835A-45AC-4881-AB27-2EDB7DA4D072}"
EndProject
Project("{FAE04EC0-301F-11D3-BF4B-00C04F79EFBC}") = "ClassLibrary", "ClassLibrary\ClassLibrary.csproj", "{A77C8EF0-C88E-42CD-B257-86DF96E70BEF}"
EndProject
Project("{FAE04EC0-301F-11D3-BF4B-00C04F79EFBC}") = "TestApplication", "TestApplication\TestApplication.csproj", "{F3D781F2-5825-48FF-B0A1-13050FA3EC49}"
EndProject
Project("{FAE04EC0-301F-11D3-BF4B-00C04F79EFBC}") = "QuickCode", "QuickCode\QuickCode.csproj", "{4730D736-565C-45BE-AD14-037E3ABA5C18}"
EndProject
Global
	GlobalSection(SolutionConfigurationPlatforms) = preSolution
		Debug|Any CPU = Debug|Any CPU
		Release|Any CPU = Release|Any CPU
	EndGlobalSection
	GlobalSection(ProjectConfigurationPlatforms) = postSolution
		{4125835A-45AC-4881-AB27-2EDB7DA4D072}.Debug|Any CPU.ActiveCfg = Debug|Any CPU
		{4125835A-45AC-4881-AB27-2EDB7DA4D072}.Debug|Any CPU.Build.0 = Debug|Any CPU
		{4125835A-45AC-4881-AB27-2EDB7DA4D072}.Release|Any CPU.ActiveCfg = Release|Any CPU
		{4125835A-45AC-4881-AB27-2EDB7DA4D072}.Release|Any CPU.Build.0 = Release|Any CPU
		{A77C8EF0-C88E-42CD-B257-86DF96E70BEF}.Debug|Any CPU.ActiveCfg = Debug|Any CPU
		{A77C8EF0-C88E-42CD-B257-86DF96E70BEF}.Debug|Any CPU.Build.0 = Debug|Any CPU
		{A77C8EF0-C88E-42CD-B257-86DF96E70BEF}.Release|Any CPU.ActiveCfg = Release|Any CPU
		{A77C8EF0-C88E-42CD-B257-86DF96E70BEF}.Release|Any CPU.Build.0 = Release|Any CPU
		{F3D781F2-5825-48FF-B0A1-13050FA3EC49}.Debug|Any CPU.ActiveCfg = Debug|Any CPU
		{F3D781F2-5825-48FF-B0A1-13050FA3EC49}.Debug|Any CPU.Build.0 = Debug|Any CPU
		{F3D781F2-5825-48FF-B0A1-13050FA3EC49}.Release|Any CPU.ActiveCfg = Release|Any CPU
		{F3D781F2-5825-48FF-B0A1-13050FA3EC49}.Release|Any CPU.Build.0 = Release|Any CPU
		{4730D736-565C-45BE-AD14-037E3ABA5C18}.Debug|Any CPU.ActiveCfg = Debug|Any CPU
		{4730D736-565C-45BE-AD14-037E3ABA5C18}.Debug|Any CPU.Build.0 = Debug|Any CPU
		{4730D736-565C-45BE-AD14-037E3ABA5C18}.Release|Any CPU.ActiveCfg = Release|Any CPU
		{4730D736-565C-45BE-AD14-037E3ABA5C18}.Release|Any CPU.Build.0 = Release|Any CPU
	EndGlobalSection
	GlobalSection(SolutionProperties) = preSolution
		HideSolutionNode = FALSE
	EndGlobalSection
EndGlobal
